{
  "name": "rnid",
  "version": "1.0.0",
  "lockfileVersion": 2,
  "requires": true,
  "packages": {
    "": {
      "name": "rnid",
      "version": "1.0.0",
      "license": "MIT"
    },
    "../../../../../.nvm/versions/node/v18.9.1/lib/node_modules/index.js": {
      "version": "0.0.3",
      "license": "MIT",
      "devDependencies": {
        "mocha": "^1.21.4"
      }
    },
    "node_modules/index.js": {
      "resolved": "../../../../../.nvm/versions/node/v18.9.1/lib/node_modules/index.js",
      "link": true
    }
  },
  "dependencies": {
    "index.js": {
      "version": "file:../../../../../.nvm/versions/node/v18.9.1/lib/node_modules/index.js",
      "requires": {
        "mocha": "^1.21.4"
      }
    }
  }
}
